
Microsoft Visual Studio Solution File, Format Version 12.00
# Visual Studio Version 16
VisualStudioVersion = 25.0.1705.3
MinimumVisualStudioVersion = 10.0.40219.1
Project("{FAE04EC0-301F-11D3-BF4B-00C04F79EFBC}") = "BasicOopDemo", "BasicOopDemo.csproj", "{1993A870-EEDF-4630-8290-BFDF7E028CE7}"
EndProject
Global
	GlobalSection(SolutionConfigurationPlatforms) = preSolution
		Debug|Any CPU = Debug|Any CPU
		Release|Any CPU = Release|Any CPU
	EndGlobalSection
	GlobalSection(ProjectConfigurationPlatforms) = postSolution
		{1993A870-EEDF-4630-8290-BFDF7E028CE7}.Debug|Any CPU.ActiveCfg = Debug|Any CPU
		{1993A870-EEDF-4630-8290-BFDF7E028CE7}.Debug|Any CPU.Build.0 = Debug|Any CPU
		{1993A870-EEDF-4630-8290-BFDF7E028CE7}.Release|Any CPU.ActiveCfg = Release|Any CPU
		{1993A870-EEDF-4630-8290-BFDF7E028CE7}.Release|Any CPU.Build.0 = Release|Any CPU
	EndGlobalSection
	GlobalSection(SolutionProperties) = preSolution
		HideSolutionNode = FALSE
	EndGlobalSection
	GlobalSection(ExtensibilityGlobals) = postSolution
		SolutionGuid = {B5F4E2C7-4082-475A-866E-F919DB9FE06F}
	EndGlobalSection
EndGlobal
